
Microsoft Visual Studio Solution File, Format Version 12.00
# Visual Studio Version 17
VisualStudioVersion = 17.1.32328.378
MinimumVisualStudioVersion = 10.0.40219.1
Project("{FAE04EC0-301F-11D3-BF4B-00C04F79EFBC}") = "klasaObjektZrakoplov", "klasaObjektZrakoplov\klasaObjektZrakoplov.csproj", "{02F50496-5C5E-4624-BF8D-582204AB9E37}"
EndProject
Global
	GlobalSection(SolutionConfigurationPlatforms) = preSolution
		Debug|Any CPU = Debug|Any CPU
		Release|Any CPU = Release|Any CPU
	EndGlobalSection
	GlobalSection(ProjectConfigurationPlatforms) = postSolution
		{02F50496-5C5E-4624-BF8D-582204AB9E37}.Debug|Any CPU.ActiveCfg = Debug|Any CPU
		{02F50496-5C5E-4624-BF8D-582204AB9E37}.Debug|Any CPU.Build.0 = Debug|Any CPU
		{02F50496-5C5E-4624-BF8D-582204AB9E37}.Release|Any CPU.ActiveCfg = Release|Any CPU
		{02F50496-5C5E-4624-BF8D-582204AB9E37}.Release|Any CPU.Build.0 = Release|Any CPU
	EndGlobalSection
	GlobalSection(SolutionProperties) = preSolution
		HideSolutionNode = FALSE
	EndGlobalSection
	GlobalSection(ExtensibilityGlobals) = postSolution
		SolutionGuid = {3683AD38-86A4-4371-9C73-9B0C4972D3D8}
	EndGlobalSection
EndGlobal
